uuid: 05523d6b-b497-48fc-b118-b45af6c0fcac
langcode: en
status: false
dependencies:
  module:
    - social_group
    - system
  theme:
    - pa
_core:
  default_config_hash: 88AkZa3Jb0HyTb-lpje9XYFjb1BIc0E-C1sCnWf2gmM
id: pa_group_add_block
theme: pa
region: '-1'
weight: -97
provider: null
plugin: group_add_block
settings:
  id: group_add_block
  label: 'Group add block'
  provider: social_group
  label_display: '0'
visibility:
  request_path:
    id: request_path
    pages: '/user/*/groups'
    negate: false
    context_mapping: {  }
