uuid: a7b0647f-44e2-4fbe-a52a-1c4ede5aa2c7
langcode: en
status: false
dependencies:
  module:
    - social_group
    - system
  theme:
    - pa
_core:
  default_config_hash: Km8x5dudZtQBrd2Qpd7bM8-KHkRG72x1p_Zq9GEt4p4
id: pa_groupheroblock
theme: pa
region: '-1'
weight: null
provider: null
plugin: group_hero_block
settings:
  id: group_hero_block
  label: 'Group hero block'
  provider: social_group
  label_display: '0'
visibility:
  request_path:
    id: request_path
    pages: '/group/*'
    negate: false
    context_mapping: {  }
